// !$*UTF8*$!
{
	archiveVersion = 1;
	classes = {
	};
	objectVersion = 50;
	objects = {

/* Begin PBXBuildFile section */
		183E6CFE258DEB99002BC9AA /* A.m in Sources */ = {isa = PBXBuildFile; fileRef = 183E6CFD258DEB99002BC9AA /* A.m */; };
		183E6D01258DEBB0002BC9AA /* B.m in Sources */ = {isa = PBXBuildFile; fileRef = 183E6D00258DEBB0002BC9AA /* B.m */; };
		183E6D04258DF95B002BC9AA /* Demo2_Property.m in Sources */ = {isa = PBXBuildFile; fileRef = 183E6D03258DF95B002BC9AA /* Demo2_Property.m */; };
		183E6D07258E063B002BC9AA /* Demo2_Category.m in Sources */ = {isa = PBXBuildFile; fileRef = 183E6D06258E063B002BC9AA /* Demo2_Category.m */; };
		183E6D11258E1251002BC9AA /* Demo2_Protocol_Impl.m in Sources */ = {isa = PBXBuildFile; fileRef = 183E6D10258E1251002BC9AA /* Demo2_Protocol_Impl.m */; };
		183E6D14258E3704002BC9AA /* Demo2_Copy.m in Sources */ = {isa = PBXBuildFile; fileRef = 183E6D13258E3704002BC9AA /* Demo2_Copy.m */; };
		183E6D19258E463F002BC9AA /* Demo2_protocol_1_2_Impl.m in Sources */ = {isa = PBXBuildFile; fileRef = 183E6D18258E463F002BC9AA /* Demo2_protocol_1_2_Impl.m */; };
		183E6D1C258EF071002BC9AA /* Demo2_KVC_KVO.m in Sources */ = {isa = PBXBuildFile; fileRef = 183E6D1B258EF071002BC9AA /* Demo2_KVC_KVO.m */; };
		183E6D1E258EF51D002BC9AA /* main_2.m in Sources */ = {isa = PBXBuildFile; fileRef = 183E6D1D258EF51D002BC9AA /* main_2.m */; };
		1859D49D267883590052D10A /* main_5.m in Sources */ = {isa = PBXBuildFile; fileRef = 1859D49C267883590052D10A /* main_5.m */; };
		18763F62267AEB5A00078D83 /* Test_Demo.cpp in Sources */ = {isa = PBXBuildFile; fileRef = 18763F60267AEB5A00078D83 /* Test_Demo.cpp */; };
		18763F66267AF13800078D83 /* DemoBean4.m in Sources */ = {isa = PBXBuildFile; fileRef = 18763F65267AF13800078D83 /* DemoBean4.m */; };
		18763F6A267AF63B00078D83 /* DemoBean5.m in Sources */ = {isa = PBXBuildFile; fileRef = 18763F69267AF63B00078D83 /* DemoBean5.m */; };
		18763F6E267B2BAF00078D83 /* Test_Demo1.cpp in Sources */ = {isa = PBXBuildFile; fileRef = 18763F6C267B2BAF00078D83 /* Test_Demo1.cpp */; };
		18763F72267B2C4600078D83 /* new_delete.cpp in Sources */ = {isa = PBXBuildFile; fileRef = 18763F70267B2C4600078D83 /* new_delete.cpp */; };
		18763F76267B4F4600078D83 /* MyNewDelete_1.cpp in Sources */ = {isa = PBXBuildFile; fileRef = 18763F74267B4F4600078D83 /* MyNewDelete_1.cpp */; };
		18763F7A267C2E8900078D83 /* MoveDemo.cpp in Sources */ = {isa = PBXBuildFile; fileRef = 18763F78267C2E8900078D83 /* MoveDemo.cpp */; };
		18763F7F267C34CA00078D83 /* CPP_Wrap.mm in Sources */ = {isa = PBXBuildFile; fileRef = 18763F7E267C34CA00078D83 /* CPP_Wrap.mm */; };
		18763F84267C592600078D83 /* A1.cpp in Sources */ = {isa = PBXBuildFile; fileRef = 18763F82267C592600078D83 /* A1.cpp */; };
		18763F88267C597B00078D83 /* B1.cpp in Sources */ = {isa = PBXBuildFile; fileRef = 18763F86267C597B00078D83 /* B1.cpp */; };
		18763F9E267C885800078D83 /* DemoBean6.m in Sources */ = {isa = PBXBuildFile; fileRef = 18763F9D267C885800078D83 /* DemoBean6.m */; };
		18763FB126896ACA00078D83 /* TestDemo.m in Sources */ = {isa = PBXBuildFile; fileRef = 18763FB026896ACA00078D83 /* TestDemo.m */; };
		18763FC32689C2E400078D83 /* ByteAligning.cpp in Sources */ = {isa = PBXBuildFile; fileRef = 18763FC12689C2E400078D83 /* ByteAligning.cpp */; };
		18796961266B769C00473C30 /* main_4.m in Sources */ = {isa = PBXBuildFile; fileRef = 18796960266B769C00473C30 /* main_4.m */; };
		18796966266B773F00473C30 /* DemoBean1.m in Sources */ = {isa = PBXBuildFile; fileRef = 18796965266B773F00473C30 /* DemoBean1.m */; };
		187969E0266DFE5D00473C30 /* Load_Initialize.m in Sources */ = {isa = PBXBuildFile; fileRef = 187969DF266DFE5D00473C30 /* Load_Initialize.m */; };
		187969E4266E1D4F00473C30 /* DemoBean2.m in Sources */ = {isa = PBXBuildFile; fileRef = 187969E3266E1D4F00473C30 /* DemoBean2.m */; };
		187969E8266E1DB500473C30 /* DemoBean3.m in Sources */ = {isa = PBXBuildFile; fileRef = 187969E7266E1DB500473C30 /* DemoBean3.m */; };
		187A5C8A258CF70B00C880E0 /* Demo2_Test2.m in Sources */ = {isa = PBXBuildFile; fileRef = 187A5C89258CF70B00C880E0 /* Demo2_Test2.m */; };
		187A5C8D258D057400C880E0 /* Demo2_Test3.m in Sources */ = {isa = PBXBuildFile; fileRef = 187A5C8C258D057400C880E0 /* Demo2_Test3.m */; };
		18A6888925985FEF00FF3426 /* Demo3_Test2.m in Sources */ = {isa = PBXBuildFile; fileRef = 18A6888825985FEF00FF3426 /* Demo3_Test2.m */; };
		18A6888C259861AA00FF3426 /* Animal.m in Sources */ = {isa = PBXBuildFile; fileRef = 18A6888B259861AA00FF3426 /* Animal.m */; };
		18A6888F2598631C00FF3426 /* Dog.m in Sources */ = {isa = PBXBuildFile; fileRef = 18A6888E2598631C00FF3426 /* Dog.m */; };
		18A688922598649300FF3426 /* Cat.m in Sources */ = {isa = PBXBuildFile; fileRef = 18A688912598649300FF3426 /* Cat.m */; };
		18A6889B259879A000FF3426 /* ThreadDemo.m in Sources */ = {isa = PBXBuildFile; fileRef = 18A6889A259879A000FF3426 /* ThreadDemo.m */; };
		18AC5157258B46B0007EFACF /* OC_CALL_CPP.cpp in Sources */ = {isa = PBXBuildFile; fileRef = 18AC5155258B46B0007EFACF /* OC_CALL_CPP.cpp */; };
		18AC515B258B4931007EFACF /* OC_CALL_CPP_Wrap.mm in Sources */ = {isa = PBXBuildFile; fileRef = 18AC515A258B4931007EFACF /* OC_CALL_CPP_Wrap.mm */; };
		18AC5162258B5F9B007EFACF /* main_1.m in Sources */ = {isa = PBXBuildFile; fileRef = 18AC5161258B5F9B007EFACF /* main_1.m */; };
		18AC5165258B71AA007EFACF /* Demo2_Test1.m in Sources */ = {isa = PBXBuildFile; fileRef = 18AC5164258B71AA007EFACF /* Demo2_Test1.m */; };
		18B2AA3125957724003A20A0 /* Demo_Test4.m in Sources */ = {isa = PBXBuildFile; fileRef = 18B2AA3025957724003A20A0 /* Demo_Test4.m */; };
		18BA1077223F3004008D171F /* Student+Category4Student.m in Sources */ = {isa = PBXBuildFile; fileRef = 18BA1076223F3004008D171F /* Student+Category4Student.m */; };
		18BA107C223F3656008D171F /* Protocol_Demo_Impl.m in Sources */ = {isa = PBXBuildFile; fileRef = 18BA107B223F3656008D171F /* Protocol_Demo_Impl.m */; };
		18BFC13225962FE400E67817 /* main_3.m in Sources */ = {isa = PBXBuildFile; fileRef = 18BFC13125962FE400E67817 /* main_3.m */; };
		18BFC1362596302200E67817 /* Demo3_Test1.m in Sources */ = {isa = PBXBuildFile; fileRef = 18BFC1352596302200E67817 /* Demo3_Test1.m */; };
		18D8E627223C90EB006E89FC /* main_0.m in Sources */ = {isa = PBXBuildFile; fileRef = 18D8E626223C90EB006E89FC /* main_0.m */; };
		18D8E631223C94F3006E89FC /* Student.m in Sources */ = {isa = PBXBuildFile; fileRef = 18D8E630223C94F3006E89FC /* Student.m */; };
		18D8E634223CA350006E89FC /* Person.m in Sources */ = {isa = PBXBuildFile; fileRef = 18D8E633223CA350006E89FC /* Person.m */; };
		18D8E637223CBD35006E89FC /* Property_Demo.m in Sources */ = {isa = PBXBuildFile; fileRef = 18D8E636223CBD35006E89FC /* Property_Demo.m */; };
		18E30C57258F6E0800477063 /* Constant.m in Sources */ = {isa = PBXBuildFile; fileRef = 18E30C56258F6E0800477063 /* Constant.m */; };
		18FB35832392960F007C95BA /* Property_Test.m in Sources */ = {isa = PBXBuildFile; fileRef = 18FB35822392960F007C95BA /* Property_Test.m */; };
		18FB35892392A087007C95BA /* Property_Stu.m in Sources */ = {isa = PBXBuildFile; fileRef = 18FB35882392A087007C95BA /* Property_Stu.m */; };
		18FB358C2392A09C007C95BA /* Property_Book.m in Sources */ = {isa = PBXBuildFile; fileRef = 18FB358B2392A09C007C95BA /* Property_Book.m */; };
/* End PBXBuildFile section */

/* Begin PBXCopyFilesBuildPhase section */
		18D8E621223C90EB006E89FC /* CopyFiles */ = {
			isa = PBXCopyFilesBuildPhase;
			buildActionMask = 2147483647;
			dstPath = /usr/share/man/man1/;
			dstSubfolderSpec = 0;
			files = (
			);
			runOnlyForDeploymentPostprocessing = 1;
		};
/* End PBXCopyFilesBuildPhase section */

/* Begin PBXFileReference section */
		183E6CFC258DEB99002BC9AA /* A.h */ = {isa = PBXFileReference; lastKnownFileType = sourcecode.c.h; path = A.h; sourceTree = "<group>"; };
		183E6CFD258DEB99002BC9AA /* A.m */ = {isa = PBXFileReference; lastKnownFileType = sourcecode.c.objc; path = A.m; sourceTree = "<group>"; };
		183E6CFF258DEBB0002BC9AA /* B.h */ = {isa = PBXFileReference; lastKnownFileType = sourcecode.c.h; path = B.h; sourceTree = "<group>"; };
		183E6D00258DEBB0002BC9AA /* B.m */ = {isa = PBXFileReference; lastKnownFileType = sourcecode.c.objc; path = B.m; sourceTree = "<group>"; };
		183E6D02258DF95B002BC9AA /* Demo2_Property.h */ = {isa = PBXFileReference; lastKnownFileType = sourcecode.c.h; path = Demo2_Property.h; sourceTree = "<group>"; };
		183E6D03258DF95B002BC9AA /* Demo2_Property.m */ = {isa = PBXFileReference; lastKnownFileType = sourcecode.c.objc; path = Demo2_Property.m; sourceTree = "<group>"; };
		183E6D05258E063B002BC9AA /* Demo2_Category.h */ = {isa = PBXFileReference; lastKnownFileType = sourcecode.c.h; path = Demo2_Category.h; sourceTree = "<group>"; };
		183E6D06258E063B002BC9AA /* Demo2_Category.m */ = {isa = PBXFileReference; lastKnownFileType = sourcecode.c.objc; path = Demo2_Category.m; sourceTree = "<group>"; };
		183E6D08258E0D7A002BC9AA /* Demo2_Protocol.h */ = {isa = PBXFileReference; lastKnownFileType = sourcecode.c.h; path = Demo2_Protocol.h; sourceTree = "<group>"; };
		183E6D0F258E1251002BC9AA /* Demo2_Protocol_Impl.h */ = {isa = PBXFileReference; lastKnownFileType = sourcecode.c.h; path = Demo2_Protocol_Impl.h; sourceTree = "<group>"; };
		183E6D10258E1251002BC9AA /* Demo2_Protocol_Impl.m */ = {isa = PBXFileReference; lastKnownFileType = sourcecode.c.objc; path = Demo2_Protocol_Impl.m; sourceTree = "<group>"; };
		183E6D12258E3704002BC9AA /* Demo2_Copy.h */ = {isa = PBXFileReference; lastKnownFileType = sourcecode.c.h; path = Demo2_Copy.h; sourceTree = "<group>"; };
		183E6D13258E3704002BC9AA /* Demo2_Copy.m */ = {isa = PBXFileReference; lastKnownFileType = sourcecode.c.objc; path = Demo2_Copy.m; sourceTree = "<group>"; };
		183E6D15258E4536002BC9AA /* Demo2_protocol_1.h */ = {isa = PBXFileReference; lastKnownFileType = sourcecode.c.h; path = Demo2_protocol_1.h; sourceTree = "<group>"; };
		183E6D16258E4618002BC9AA /* Demo2_protocol_2.h */ = {isa = PBXFileReference; lastKnownFileType = sourcecode.c.h; path = Demo2_protocol_2.h; sourceTree = "<group>"; };
		183E6D17258E463F002BC9AA /* Demo2_protocol_1_2_Impl.h */ = {isa = PBXFileReference; lastKnownFileType = sourcecode.c.h; path = Demo2_protocol_1_2_Impl.h; sourceTree = "<group>"; };
		183E6D18258E463F002BC9AA /* Demo2_protocol_1_2_Impl.m */ = {isa = PBXFileReference; lastKnownFileType = sourcecode.c.objc; path = Demo2_protocol_1_2_Impl.m; sourceTree = "<group>"; };
		183E6D1A258EF071002BC9AA /* Demo2_KVC_KVO.h */ = {isa = PBXFileReference; lastKnownFileType = sourcecode.c.h; path = Demo2_KVC_KVO.h; sourceTree = "<group>"; };
		183E6D1B258EF071002BC9AA /* Demo2_KVC_KVO.m */ = {isa = PBXFileReference; lastKnownFileType = sourcecode.c.objc; path = Demo2_KVC_KVO.m; sourceTree = "<group>"; };
		183E6D1D258EF51D002BC9AA /* main_2.m */ = {isa = PBXFileReference; lastKnownFileType = sourcecode.c.objc; path = main_2.m; sourceTree = "<group>"; };
		1859D49C267883590052D10A /* main_5.m */ = {isa = PBXFileReference; lastKnownFileType = sourcecode.c.objc; path = main_5.m; sourceTree = "<group>"; };
		1859D4A52678981B0052D10A /* libc++.tbd */ = {isa = PBXFileReference; lastKnownFileType = "sourcecode.text-based-dylib-definition"; name = "libc++.tbd"; path = "usr/lib/libc++.tbd"; sourceTree = SDKROOT; };
		18763F55267AE6BB00078D83 /* oc.md */ = {isa = PBXFileReference; lastKnownFileType = net.daringfireball.markdown; path = oc.md; sourceTree = "<group>"; };
		18763F60267AEB5A00078D83 /* Test_Demo.cpp */ = {isa = PBXFileReference; lastKnownFileType = sourcecode.cpp.cpp; path = Test_Demo.cpp; sourceTree = "<group>"; };
		18763F61267AEB5A00078D83 /* Test_Demo.hpp */ = {isa = PBXFileReference; lastKnownFileType = sourcecode.cpp.h; path = Test_Demo.hpp; sourceTree = "<group>"; };
		18763F64267AF13800078D83 /* DemoBean4.h */ = {isa = PBXFileReference; lastKnownFileType = sourcecode.c.h; path = DemoBean4.h; sourceTree = "<group>"; };
		18763F65267AF13800078D83 /* DemoBean4.m */ = {isa = PBXFileReference; lastKnownFileType = sourcecode.c.objc; path = DemoBean4.m; sourceTree = "<group>"; };
		18763F68267AF63B00078D83 /* DemoBean5.h */ = {isa = PBXFileReference; lastKnownFileType = sourcecode.c.h; path = DemoBean5.h; sourceTree = "<group>"; };
		18763F69267AF63B00078D83 /* DemoBean5.m */ = {isa = PBXFileReference; lastKnownFileType = sourcecode.c.objc; path = DemoBean5.m; sourceTree = "<group>"; };
		18763F6C267B2BAF00078D83 /* Test_Demo1.cpp */ = {isa = PBXFileReference; lastKnownFileType = sourcecode.cpp.cpp; path = Test_Demo1.cpp; sourceTree = "<group>"; };
		18763F6D267B2BAF00078D83 /* Test_Demo1.hpp */ = {isa = PBXFileReference; lastKnownFileType = sourcecode.cpp.h; path = Test_Demo1.hpp; sourceTree = "<group>"; };
		18763F70267B2C4600078D83 /* new_delete.cpp */ = {isa = PBXFileReference; lastKnownFileType = sourcecode.cpp.cpp; path = new_delete.cpp; sourceTree = "<group>"; };
		18763F71267B2C4600078D83 /* new_delete.hpp */ = {isa = PBXFileReference; lastKnownFileType = sourcecode.cpp.h; path = new_delete.hpp; sourceTree = "<group>"; };
		18763F74267B4F4600078D83 /* MyNewDelete_1.cpp */ = {isa = PBXFileReference; lastKnownFileType = sourcecode.cpp.cpp; path = MyNewDelete_1.cpp; sourceTree = "<group>"; };
		18763F75267B4F4600078D83 /* MyNewDelete_1.hpp */ = {isa = PBXFileReference; lastKnownFileType = sourcecode.cpp.h; path = MyNewDelete_1.hpp; sourceTree = "<group>"; };
		18763F78267C2E8900078D83 /* MoveDemo.cpp */ = {isa = PBXFileReference; lastKnownFileType = sourcecode.cpp.cpp; path = MoveDemo.cpp; sourceTree = "<group>"; };
		18763F79267C2E8900078D83 /* MoveDemo.hpp */ = {isa = PBXFileReference; lastKnownFileType = sourcecode.cpp.h; path = MoveDemo.hpp; sourceTree = "<group>"; };
		18763F7D267C34CA00078D83 /* CPP_Wrap.h */ = {isa = PBXFileReference; lastKnownFileType = sourcecode.c.h; path = CPP_Wrap.h; sourceTree = "<group>"; };
		18763F7E267C34CA00078D83 /* CPP_Wrap.mm */ = {isa = PBXFileReference; lastKnownFileType = sourcecode.cpp.objcpp; path = CPP_Wrap.mm; sourceTree = "<group>"; };
		18763F82267C592600078D83 /* A1.cpp */ = {isa = PBXFileReference; lastKnownFileType = sourcecode.cpp.cpp; path = A1.cpp; sourceTree = "<group>"; };
		18763F83267C592600078D83 /* A1.hpp */ = {isa = PBXFileReference; lastKnownFileType = sourcecode.cpp.h; path = A1.hpp; sourceTree = "<group>"; };
		18763F86267C597B00078D83 /* B1.cpp */ = {isa = PBXFileReference; lastKnownFileType = sourcecode.cpp.cpp; path = B1.cpp; sourceTree = "<group>"; };
		18763F87267C597B00078D83 /* B1.hpp */ = {isa = PBXFileReference; lastKnownFileType = sourcecode.cpp.h; path = B1.hpp; sourceTree = "<group>"; };
		18763F8E267C78FD00078D83 /* SharePtr.hpp */ = {isa = PBXFileReference; lastKnownFileType = sourcecode.cpp.h; path = SharePtr.hpp; sourceTree = "<group>"; };
		18763F93267C796A00078D83 /* Counter.hpp */ = {isa = PBXFileReference; lastKnownFileType = sourcecode.cpp.h; path = Counter.hpp; sourceTree = "<group>"; };
		18763F98267C799700078D83 /* WeakPtr.hpp */ = {isa = PBXFileReference; lastKnownFileType = sourcecode.cpp.h; path = WeakPtr.hpp; sourceTree = "<group>"; };
		18763F9C267C885800078D83 /* DemoBean6.h */ = {isa = PBXFileReference; lastKnownFileType = sourcecode.c.h; path = DemoBean6.h; sourceTree = "<group>"; };
		18763F9D267C885800078D83 /* DemoBean6.m */ = {isa = PBXFileReference; lastKnownFileType = sourcecode.c.objc; path = DemoBean6.m; sourceTree = "<group>"; };
		18763FAF26896ACA00078D83 /* TestDemo.h */ = {isa = PBXFileReference; lastKnownFileType = sourcecode.c.h; path = TestDemo.h; sourceTree = "<group>"; };
		18763FB026896ACA00078D83 /* TestDemo.m */ = {isa = PBXFileReference; lastKnownFileType = sourcecode.c.objc; path = TestDemo.m; sourceTree = "<group>"; };
		18763FC12689C2E400078D83 /* ByteAligning.cpp */ = {isa = PBXFileReference; lastKnownFileType = sourcecode.cpp.cpp; path = ByteAligning.cpp; sourceTree = "<group>"; };
		18763FC22689C2E400078D83 /* ByteAligning.hpp */ = {isa = PBXFileReference; lastKnownFileType = sourcecode.cpp.h; path = ByteAligning.hpp; sourceTree = "<group>"; };
		1879695E266B75B500473C30 /* README.md */ = {isa = PBXFileReference; fileEncoding = 4; lastKnownFileType = net.daringfireball.markdown; path = README.md; sourceTree = "<group>"; };
		18796960266B769C00473C30 /* main_4.m */ = {isa = PBXFileReference; lastKnownFileType = sourcecode.c.objc; path = main_4.m; sourceTree = "<group>"; };
		18796964266B773F00473C30 /* DemoBean1.h */ = {isa = PBXFileReference; lastKnownFileType = sourcecode.c.h; path = DemoBean1.h; sourceTree = "<group>"; };
		18796965266B773F00473C30 /* DemoBean1.m */ = {isa = PBXFileReference; lastKnownFileType = sourcecode.c.objc; path = DemoBean1.m; sourceTree = "<group>"; };
		187969DE266DFE5D00473C30 /* Load_Initialize.h */ = {isa = PBXFileReference; lastKnownFileType = sourcecode.c.h; path = Load_Initialize.h; sourceTree = "<group>"; };
		187969DF266DFE5D00473C30 /* Load_Initialize.m */ = {isa = PBXFileReference; lastKnownFileType = sourcecode.c.objc; path = Load_Initialize.m; sourceTree = "<group>"; };
		187969E2266E1D4F00473C30 /* DemoBean2.h */ = {isa = PBXFileReference; lastKnownFileType = sourcecode.c.h; path = DemoBean2.h; sourceTree = "<group>"; };
		187969E3266E1D4F00473C30 /* DemoBean2.m */ = {isa = PBXFileReference; lastKnownFileType = sourcecode.c.objc; path = DemoBean2.m; sourceTree = "<group>"; };
		187969E6266E1DB500473C30 /* DemoBean3.h */ = {isa = PBXFileReference; lastKnownFileType = sourcecode.c.h; path = DemoBean3.h; sourceTree = "<group>"; };
		187969E7266E1DB500473C30 /* DemoBean3.m */ = {isa = PBXFileReference; lastKnownFileType = sourcecode.c.objc; path = DemoBean3.m; sourceTree = "<group>"; };
		187A5C88258CF70B00C880E0 /* Demo2_Test2.h */ = {isa = PBXFileReference; lastKnownFileType = sourcecode.c.h; path = Demo2_Test2.h; sourceTree = "<group>"; };
		187A5C89258CF70B00C880E0 /* Demo2_Test2.m */ = {isa = PBXFileReference; lastKnownFileType = sourcecode.c.objc; path = Demo2_Test2.m; sourceTree = "<group>"; };
		187A5C8B258D057400C880E0 /* Demo2_Test3.h */ = {isa = PBXFileReference; lastKnownFileType = sourcecode.c.h; path = Demo2_Test3.h; sourceTree = "<group>"; };
		187A5C8C258D057400C880E0 /* Demo2_Test3.m */ = {isa = PBXFileReference; lastKnownFileType = sourcecode.c.objc; path = Demo2_Test3.m; sourceTree = "<group>"; };
		18A6888725985FEF00FF3426 /* Demo3_Test2.h */ = {isa = PBXFileReference; lastKnownFileType = sourcecode.c.h; path = Demo3_Test2.h; sourceTree = "<group>"; };
		18A6888825985FEF00FF3426 /* Demo3_Test2.m */ = {isa = PBXFileReference; lastKnownFileType = sourcecode.c.objc; path = Demo3_Test2.m; sourceTree = "<group>"; };
		18A6888A259861AA00FF3426 /* Animal.h */ = {isa = PBXFileReference; lastKnownFileType = sourcecode.c.h; path = Animal.h; sourceTree = "<group>"; };
		18A6888B259861AA00FF3426 /* Animal.m */ = {isa = PBXFileReference; lastKnownFileType = sourcecode.c.objc; path = Animal.m; sourceTree = "<group>"; };
		18A6888D2598631C00FF3426 /* Dog.h */ = {isa = PBXFileReference; lastKnownFileType = sourcecode.c.h; path = Dog.h; sourceTree = "<group>"; };
		18A6888E2598631C00FF3426 /* Dog.m */ = {isa = PBXFileReference; lastKnownFileType = sourcecode.c.objc; path = Dog.m; sourceTree = "<group>"; };
		18A688902598649300FF3426 /* Cat.h */ = {isa = PBXFileReference; lastKnownFileType = sourcecode.c.h; path = Cat.h; sourceTree = "<group>"; };
		18A688912598649300FF3426 /* Cat.m */ = {isa = PBXFileReference; lastKnownFileType = sourcecode.c.objc; path = Cat.m; sourceTree = "<group>"; };
		18A68899259879A000FF3426 /* ThreadDemo.h */ = {isa = PBXFileReference; lastKnownFileType = sourcecode.c.h; path = ThreadDemo.h; sourceTree = "<group>"; };
		18A6889A259879A000FF3426 /* ThreadDemo.m */ = {isa = PBXFileReference; lastKnownFileType = sourcecode.c.objc; path = ThreadDemo.m; sourceTree = "<group>"; };
		18AC5155258B46B0007EFACF /* OC_CALL_CPP.cpp */ = {isa = PBXFileReference; lastKnownFileType = sourcecode.cpp.cpp; path = OC_CALL_CPP.cpp; sourceTree = "<group>"; };
		18AC5156258B46B0007EFACF /* OC_CALL_CPP.h */ = {isa = PBXFileReference; lastKnownFileType = sourcecode.c.h; path = OC_CALL_CPP.h; sourceTree = "<group>"; };
		18AC515A258B4931007EFACF /* OC_CALL_CPP_Wrap.mm */ = {isa = PBXFileReference; lastKnownFileType = sourcecode.cpp.objcpp; path = OC_CALL_CPP_Wrap.mm; sourceTree = "<group>"; };
		18AC515C258B4C2D007EFACF /* OC_CALL_CPP_Wrap.h */ = {isa = PBXFileReference; lastKnownFileType = sourcecode.c.h; path = OC_CALL_CPP_Wrap.h; sourceTree = "<group>"; };
		18AC5161258B5F9B007EFACF /* main_1.m */ = {isa = PBXFileReference; lastKnownFileType = sourcecode.c.objc; path = main_1.m; sourceTree = "<group>"; };
		18AC5163258B71AA007EFACF /* Demo2_Test1.h */ = {isa = PBXFileReference; lastKnownFileType = sourcecode.c.h; path = Demo2_Test1.h; sourceTree = "<group>"; };
		18AC5164258B71AA007EFACF /* Demo2_Test1.m */ = {isa = PBXFileReference; lastKnownFileType = sourcecode.c.objc; path = Demo2_Test1.m; sourceTree = "<group>"; };
		18B2AA2F25957724003A20A0 /* Demo_Test4.h */ = {isa = PBXFileReference; lastKnownFileType = sourcecode.c.h; path = Demo_Test4.h; sourceTree = "<group>"; };
		18B2AA3025957724003A20A0 /* Demo_Test4.m */ = {isa = PBXFileReference; lastKnownFileType = sourcecode.c.objc; path = Demo_Test4.m; sourceTree = "<group>"; };
		18BA1075223F3004008D171F /* Student+Category4Student.h */ = {isa = PBXFileReference; lastKnownFileType = sourcecode.c.h; path = "Student+Category4Student.h"; sourceTree = "<group>"; };
		18BA1076223F3004008D171F /* Student+Category4Student.m */ = {isa = PBXFileReference; lastKnownFileType = sourcecode.c.objc; path = "Student+Category4Student.m"; sourceTree = "<group>"; };
		18BA1078223F3536008D171F /* Protocol_Demo.h */ = {isa = PBXFileReference; lastKnownFileType = sourcecode.c.h; path = Protocol_Demo.h; sourceTree = "<group>"; };
		18BA107A223F3656008D171F /* Protocol_Demo_Impl.h */ = {isa = PBXFileReference; lastKnownFileType = sourcecode.c.h; path = Protocol_Demo_Impl.h; sourceTree = "<group>"; };
		18BA107B223F3656008D171F /* Protocol_Demo_Impl.m */ = {isa = PBXFileReference; lastKnownFileType = sourcecode.c.objc; path = Protocol_Demo_Impl.m; sourceTree = "<group>"; };
		18BFC13125962FE400E67817 /* main_3.m */ = {isa = PBXFileReference; lastKnownFileType = sourcecode.c.objc; path = main_3.m; sourceTree = "<group>"; };
		18BFC1342596302200E67817 /* Demo3_Test1.h */ = {isa = PBXFileReference; lastKnownFileType = sourcecode.c.h; path = Demo3_Test1.h; sourceTree = "<group>"; };
		18BFC1352596302200E67817 /* Demo3_Test1.m */ = {isa = PBXFileReference; lastKnownFileType = sourcecode.c.objc; path = Demo3_Test1.m; sourceTree = "<group>"; };
		18D8E623223C90EB006E89FC /* oc_cmd */ = {isa = PBXFileReference; explicitFileType = "compiled.mach-o.executable"; includeInIndex = 0; path = oc_cmd; sourceTree = BUILT_PRODUCTS_DIR; };
		18D8E626223C90EB006E89FC /* main_0.m */ = {isa = PBXFileReference; lastKnownFileType = sourcecode.c.objc; path = main_0.m; sourceTree = "<group>"; };
		18D8E62F223C94F3006E89FC /* Student.h */ = {isa = PBXFileReference; lastKnownFileType = sourcecode.c.h; path = Student.h; sourceTree = "<group>"; };
		18D8E630223C94F3006E89FC /* Student.m */ = {isa = PBXFileReference; lastKnownFileType = sourcecode.c.objc; path = Student.m; sourceTree = "<group>"; };
		18D8E632223CA350006E89FC /* Person.h */ = {isa = PBXFileReference; lastKnownFileType = sourcecode.c.h; path = Person.h; sourceTree = "<group>"; };
		18D8E633223CA350006E89FC /* Person.m */ = {isa = PBXFileReference; lastKnownFileType = sourcecode.c.objc; path = Person.m; sourceTree = "<group>"; };
		18D8E635223CBD35006E89FC /* Property_Demo.h */ = {isa = PBXFileReference; lastKnownFileType = sourcecode.c.h; path = Property_Demo.h; sourceTree = "<group>"; };
		18D8E636223CBD35006E89FC /* Property_Demo.m */ = {isa = PBXFileReference; lastKnownFileType = sourcecode.c.objc; path = Property_Demo.m; sourceTree = "<group>"; };
		18E30C55258F6DEB00477063 /* Constant.h */ = {isa = PBXFileReference; lastKnownFileType = sourcecode.c.h; path = Constant.h; sourceTree = "<group>"; };
		18E30C56258F6E0800477063 /* Constant.m */ = {isa = PBXFileReference; lastKnownFileType = sourcecode.c.objc; path = Constant.m; sourceTree = "<group>"; };
		18FB35812392960F007C95BA /* Property_Test.h */ = {isa = PBXFileReference; lastKnownFileType = sourcecode.c.h; path = Property_Test.h; sourceTree = "<group>"; };
		18FB35822392960F007C95BA /* Property_Test.m */ = {isa = PBXFileReference; lastKnownFileType = sourcecode.c.objc; path = Property_Test.m; sourceTree = "<group>"; };
		18FB358423929859007C95BA /* Person_Property.h */ = {isa = PBXFileReference; lastKnownFileType = sourcecode.c.h; path = Person_Property.h; sourceTree = "<group>"; };
		18FB35872392A087007C95BA /* Property_Stu.h */ = {isa = PBXFileReference; lastKnownFileType = sourcecode.c.h; path = Property_Stu.h; sourceTree = "<group>"; };
		18FB35882392A087007C95BA /* Property_Stu.m */ = {isa = PBXFileReference; lastKnownFileType = sourcecode.c.objc; path = Property_Stu.m; sourceTree = "<group>"; };
		18FB358A2392A09C007C95BA /* Property_Book.h */ = {isa = PBXFileReference; lastKnownFileType = sourcecode.c.h; path = Property_Book.h; sourceTree = "<group>"; };
		18FB358B2392A09C007C95BA /* Property_Book.m */ = {isa = PBXFileReference; lastKnownFileType = sourcecode.c.objc; path = Property_Book.m; sourceTree = "<group>"; };
/* End PBXFileReference section */

/* Begin PBXFrameworksBuildPhase section */
		18D8E620223C90EB006E89FC /* Frameworks */ = {
			isa = PBXFrameworksBuildPhase;
			buildActionMask = 2147483647;
			files = (
			);
			runOnlyForDeploymentPostprocessing = 0;
		};
/* End PBXFrameworksBuildPhase section */

/* Begin PBXGroup section */
		1859D4A42678981B0052D10A /* Frameworks */ = {
			isa = PBXGroup;
			children = (
				1859D4A52678981B0052D10A /* libc++.tbd */,
			);
			name = Frameworks;
			sourceTree = "<group>";
		};
		1879695C266B758600473C30 /* doc */ = {
			isa = PBXGroup;
			children = (
				1879695E266B75B500473C30 /* README.md */,
				18763F55267AE6BB00078D83 /* oc.md */,
			);
			path = doc;
			sourceTree = "<group>";
		};
		18796963266B771200473C30 /* demo4 */ = {
			isa = PBXGroup;
			children = (
				18796964266B773F00473C30 /* DemoBean1.h */,
				18796965266B773F00473C30 /* DemoBean1.m */,
				187969DE266DFE5D00473C30 /* Load_Initialize.h */,
				187969DF266DFE5D00473C30 /* Load_Initialize.m */,
				187969E2266E1D4F00473C30 /* DemoBean2.h */,
				187969E3266E1D4F00473C30 /* DemoBean2.m */,
				187969E6266E1DB500473C30 /* DemoBean3.h */,
				187969E7266E1DB500473C30 /* DemoBean3.m */,
				18763F64267AF13800078D83 /* DemoBean4.h */,
				18763F65267AF13800078D83 /* DemoBean4.m */,
				18763F68267AF63B00078D83 /* DemoBean5.h */,
				18763F69267AF63B00078D83 /* DemoBean5.m */,
				18763F9C267C885800078D83 /* DemoBean6.h */,
				18763F9D267C885800078D83 /* DemoBean6.m */,
				18763FAF26896ACA00078D83 /* TestDemo.h */,
				18763FB026896ACA00078D83 /* TestDemo.m */,
			);
			path = demo4;
			sourceTree = "<group>";
		};
		18AC5151258B414F007EFACF /* cpp_demo */ = {
			isa = PBXGroup;
			children = (
				18AC5155258B46B0007EFACF /* OC_CALL_CPP.cpp */,
				18AC5156258B46B0007EFACF /* OC_CALL_CPP.h */,
				18763F60267AEB5A00078D83 /* Test_Demo.cpp */,
				18763F61267AEB5A00078D83 /* Test_Demo.hpp */,
				18763F6C267B2BAF00078D83 /* Test_Demo1.cpp */,
				18763F6D267B2BAF00078D83 /* Test_Demo1.hpp */,
				18763F70267B2C4600078D83 /* new_delete.cpp */,
				18763F71267B2C4600078D83 /* new_delete.hpp */,
				18763F74267B4F4600078D83 /* MyNewDelete_1.cpp */,
				18763F75267B4F4600078D83 /* MyNewDelete_1.hpp */,
				18763F78267C2E8900078D83 /* MoveDemo.cpp */,
				18763F79267C2E8900078D83 /* MoveDemo.hpp */,
				18763F82267C592600078D83 /* A1.cpp */,
				18763F83267C592600078D83 /* A1.hpp */,
				18763F86267C597B00078D83 /* B1.cpp */,
				18763F87267C597B00078D83 /* B1.hpp */,
				18763F8E267C78FD00078D83 /* SharePtr.hpp */,
				18763F93267C796A00078D83 /* Counter.hpp */,
				18763F98267C799700078D83 /* WeakPtr.hpp */,
				18763FC12689C2E400078D83 /* ByteAligning.cpp */,
				18763FC22689C2E400078D83 /* ByteAligning.hpp */,
			);
			path = cpp_demo;
			sourceTree = "<group>";
		};
		18AC5158258B490E007EFACF /* cpp_demo_wrap */ = {
			isa = PBXGroup;
			children = (
				18AC515A258B4931007EFACF /* OC_CALL_CPP_Wrap.mm */,
				18AC515C258B4C2D007EFACF /* OC_CALL_CPP_Wrap.h */,
				18763F7D267C34CA00078D83 /* CPP_Wrap.h */,
				18763F7E267C34CA00078D83 /* CPP_Wrap.mm */,
			);
			path = cpp_demo_wrap;
			sourceTree = "<group>";
		};
		18AC515D258B5B5A007EFACF /* demo2 */ = {
			isa = PBXGroup;
			children = (
				18AC5163258B71AA007EFACF /* Demo2_Test1.h */,
				18AC5164258B71AA007EFACF /* Demo2_Test1.m */,
				187A5C88258CF70B00C880E0 /* Demo2_Test2.h */,
				187A5C89258CF70B00C880E0 /* Demo2_Test2.m */,
				187A5C8B258D057400C880E0 /* Demo2_Test3.h */,
				187A5C8C258D057400C880E0 /* Demo2_Test3.m */,
				183E6CFC258DEB99002BC9AA /* A.h */,
				183E6CFD258DEB99002BC9AA /* A.m */,
				183E6CFF258DEBB0002BC9AA /* B.h */,
				183E6D00258DEBB0002BC9AA /* B.m */,
				183E6D02258DF95B002BC9AA /* Demo2_Property.h */,
				183E6D03258DF95B002BC9AA /* Demo2_Property.m */,
				183E6D05258E063B002BC9AA /* Demo2_Category.h */,
				183E6D06258E063B002BC9AA /* Demo2_Category.m */,
				183E6D08258E0D7A002BC9AA /* Demo2_Protocol.h */,
				183E6D0F258E1251002BC9AA /* Demo2_Protocol_Impl.h */,
				183E6D10258E1251002BC9AA /* Demo2_Protocol_Impl.m */,
				183E6D12258E3704002BC9AA /* Demo2_Copy.h */,
				183E6D13258E3704002BC9AA /* Demo2_Copy.m */,
				183E6D15258E4536002BC9AA /* Demo2_protocol_1.h */,
				183E6D16258E4618002BC9AA /* Demo2_protocol_2.h */,
				183E6D17258E463F002BC9AA /* Demo2_protocol_1_2_Impl.h */,
				183E6D18258E463F002BC9AA /* Demo2_protocol_1_2_Impl.m */,
				183E6D1A258EF071002BC9AA /* Demo2_KVC_KVO.h */,
				183E6D1B258EF071002BC9AA /* Demo2_KVC_KVO.m */,
				18E30C55258F6DEB00477063 /* Constant.h */,
				18E30C56258F6E0800477063 /* Constant.m */,
				18B2AA2F25957724003A20A0 /* Demo_Test4.h */,
				18B2AA3025957724003A20A0 /* Demo_Test4.m */,
			);
			path = demo2;
			sourceTree = "<group>";
		};
		18BFC1332596300900E67817 /* demo3 */ = {
			isa = PBXGroup;
			children = (
				18BFC1342596302200E67817 /* Demo3_Test1.h */,
				18BFC1352596302200E67817 /* Demo3_Test1.m */,
				18A6888725985FEF00FF3426 /* Demo3_Test2.h */,
				18A6888825985FEF00FF3426 /* Demo3_Test2.m */,
				18A6888A259861AA00FF3426 /* Animal.h */,
				18A6888B259861AA00FF3426 /* Animal.m */,
				18A6888D2598631C00FF3426 /* Dog.h */,
				18A6888E2598631C00FF3426 /* Dog.m */,
				18A688902598649300FF3426 /* Cat.h */,
				18A688912598649300FF3426 /* Cat.m */,
				18A68899259879A000FF3426 /* ThreadDemo.h */,
				18A6889A259879A000FF3426 /* ThreadDemo.m */,
			);
			path = demo3;
			sourceTree = "<group>";
		};
		18D8E61A223C90EB006E89FC = {
			isa = PBXGroup;
			children = (
				1879695C266B758600473C30 /* doc */,
				18D8E625223C90EB006E89FC /* oc_cmd */,
				18D8E624223C90EB006E89FC /* Products */,
				1859D4A42678981B0052D10A /* Frameworks */,
			);
			sourceTree = "<group>";
		};
		18D8E624223C90EB006E89FC /* Products */ = {
			isa = PBXGroup;
			children = (
				18D8E623223C90EB006E89FC /* oc_cmd */,
			);
			name = Products;
			sourceTree = "<group>";
		};
		18D8E625223C90EB006E89FC /* oc_cmd */ = {
			isa = PBXGroup;
			children = (
				18796963266B771200473C30 /* demo4 */,
				18BFC1332596300900E67817 /* demo3 */,
				18AC515D258B5B5A007EFACF /* demo2 */,
				18AC5158258B490E007EFACF /* cpp_demo_wrap */,
				18AC5151258B414F007EFACF /* cpp_demo */,
				18FB357A2390E4E0007C95BA /* demo1 */,
				18D8E62E223C94AA006E89FC /* demo */,
				18D8E626223C90EB006E89FC /* main_0.m */,
				18AC5161258B5F9B007EFACF /* main_1.m */,
				183E6D1D258EF51D002BC9AA /* main_2.m */,
				18BFC13125962FE400E67817 /* main_3.m */,
				18796960266B769C00473C30 /* main_4.m */,
				1859D49C267883590052D10A /* main_5.m */,
			);
			path = oc_cmd;
			sourceTree = "<group>";
		};
		18D8E62E223C94AA006E89FC /* demo */ = {
			isa = PBXGroup;
			children = (
				18D8E62F223C94F3006E89FC /* Student.h */,
				18D8E630223C94F3006E89FC /* Student.m */,
				18D8E632223CA350006E89FC /* Person.h */,
				18D8E633223CA350006E89FC /* Person.m */,
				18D8E635223CBD35006E89FC /* Property_Demo.h */,
				18D8E636223CBD35006E89FC /* Property_Demo.m */,
				18BA1075223F3004008D171F /* Student+Category4Student.h */,
				18BA1076223F3004008D171F /* Student+Category4Student.m */,
				18BA1078223F3536008D171F /* Protocol_Demo.h */,
				18BA107A223F3656008D171F /* Protocol_Demo_Impl.h */,
				18BA107B223F3656008D171F /* Protocol_Demo_Impl.m */,
			);
			path = demo;
			sourceTree = "<group>";
		};
		18FB357A2390E4E0007C95BA /* demo1 */ = {
			isa = PBXGroup;
			children = (
				18FB35812392960F007C95BA /* Property_Test.h */,
				18FB35822392960F007C95BA /* Property_Test.m */,
				18FB358423929859007C95BA /* Person_Property.h */,
				18FB35872392A087007C95BA /* Property_Stu.h */,
				18FB35882392A087007C95BA /* Property_Stu.m */,
				18FB358A2392A09C007C95BA /* Property_Book.h */,
				18FB358B2392A09C007C95BA /* Property_Book.m */,
			);
			path = demo1;
			sourceTree = "<group>";
		};
/* End PBXGroup section */

/* Begin PBXNativeTarget section */
		18D8E622223C90EB006E89FC /* oc_cmd */ = {
			isa = PBXNativeTarget;
			buildConfigurationList = 18D8E62A223C90EB006E89FC /* Build configuration list for PBXNativeTarget "oc_cmd" */;
			buildPhases = (
				18D8E61F223C90EB006E89FC /* Sources */,
				18D8E620223C90EB006E89FC /* Frameworks */,
				18D8E621223C90EB006E89FC /* CopyFiles */,
			);
			buildRules = (
			);
			dependencies = (
			);
			name = oc_cmd;
			productName = oc_cmd;
			productReference = 18D8E623223C90EB006E89FC /* oc_cmd */;
			productType = "com.apple.product-type.tool";
		};
/* End PBXNativeTarget section */

/* Begin PBXProject section */
		18D8E61B223C90EB006E89FC /* Project object */ = {
			isa = PBXProject;
			attributes = {
				LastUpgradeCheck = 1010;
				ORGANIZATIONNAME = Apple;
				TargetAttributes = {
					18D8E622223C90EB006E89FC = {
						CreatedOnToolsVersion = 10.1;
						LastSwiftMigration = 1010;
					};
				};
			};
			buildConfigurationList = 18D8E61E223C90EB006E89FC /* Build configuration list for PBXProject "oc_cmd" */;
			compatibilityVersion = "Xcode 9.3";
			developmentRegion = en;
			hasScannedForEncodings = 0;
			knownRegions = (
				en,
			);
			mainGroup = 18D8E61A223C90EB006E89FC;
			productRefGroup = 18D8E624223C90EB006E89FC /* Products */;
			projectDirPath = "";
			projectRoot = "";
			targets = (
				18D8E622223C90EB006E89FC /* oc_cmd */,
			);
		};
/* End PBXProject section */

/* Begin PBXSourcesBuildPhase section */
		18D8E61F223C90EB006E89FC /* Sources */ = {
			isa = PBXSourcesBuildPhase;
			buildActionMask = 2147483647;
			files = (
				18763F6A267AF63B00078D83 /* DemoBean5.m in Sources */,
				18D8E634223CA350006E89FC /* Person.m in Sources */,
				183E6D1E258EF51D002BC9AA /* main_2.m in Sources */,
				183E6D07258E063B002BC9AA /* Demo2_Category.m in Sources */,
				18763F88267C597B00078D83 /* B1.cpp in Sources */,
				18BFC13225962FE400E67817 /* main_3.m in Sources */,
				18763F7F267C34CA00078D83 /* CPP_Wrap.mm in Sources */,
				18796966266B773F00473C30 /* DemoBean1.m in Sources */,
				18BFC1362596302200E67817 /* Demo3_Test1.m in Sources */,
				18763F9E267C885800078D83 /* DemoBean6.m in Sources */,
				183E6D14258E3704002BC9AA /* Demo2_Copy.m in Sources */,
				18FB35892392A087007C95BA /* Property_Stu.m in Sources */,
				18796961266B769C00473C30 /* main_4.m in Sources */,
				18D8E627223C90EB006E89FC /* main_0.m in Sources */,
				18763F7A267C2E8900078D83 /* MoveDemo.cpp in Sources */,
				18AC5165258B71AA007EFACF /* Demo2_Test1.m in Sources */,
				18B2AA3125957724003A20A0 /* Demo_Test4.m in Sources */,
				183E6D11258E1251002BC9AA /* Demo2_Protocol_Impl.m in Sources */,
				187969E0266DFE5D00473C30 /* Load_Initialize.m in Sources */,
				187A5C8D258D057400C880E0 /* Demo2_Test3.m in Sources */,
				183E6D1C258EF071002BC9AA /* Demo2_KVC_KVO.m in Sources */,
				18AC5157258B46B0007EFACF /* OC_CALL_CPP.cpp in Sources */,
				18763FC32689C2E400078D83 /* ByteAligning.cpp in Sources */,
				18763F66267AF13800078D83 /* DemoBean4.m in Sources */,
				18A6889B259879A000FF3426 /* ThreadDemo.m in Sources */,
				18BA1077223F3004008D171F /* Student+Category4Student.m in Sources */,
				183E6CFE258DEB99002BC9AA /* A.m in Sources */,
				18E30C57258F6E0800477063 /* Constant.m in Sources */,
				18FB358C2392A09C007C95BA /* Property_Book.m in Sources */,
				18A6888925985FEF00FF3426 /* Demo3_Test2.m in Sources */,
				18FB35832392960F007C95BA /* Property_Test.m in Sources */,
				183E6D04258DF95B002BC9AA /* Demo2_Property.m in Sources */,
				187969E4266E1D4F00473C30 /* DemoBean2.m in Sources */,
				187A5C8A258CF70B00C880E0 /* Demo2_Test2.m in Sources */,
				18763FB126896ACA00078D83 /* TestDemo.m in Sources */,
				18763F76267B4F4600078D83 /* MyNewDelete_1.cpp in Sources */,
				18AC515B258B4931007EFACF /* OC_CALL_CPP_Wrap.mm in Sources */,
				18AC5162258B5F9B007EFACF /* main_1.m in Sources */,
				18A688922598649300FF3426 /* Cat.m in Sources */,
				187969E8266E1DB500473C30 /* DemoBean3.m in Sources */,
				18763F6E267B2BAF00078D83 /* Test_Demo1.cpp in Sources */,
				18A6888F2598631C00FF3426 /* Dog.m in Sources */,
				18763F72267B2C4600078D83 /* new_delete.cpp in Sources */,
				18763F84267C592600078D83 /* A1.cpp in Sources */,
				18D8E631223C94F3006E89FC /* Student.m in Sources */,
				183E6D19258E463F002BC9AA /* Demo2_protocol_1_2_Impl.m in Sources */,
				18763F62267AEB5A00078D83 /* Test_Demo.cpp in Sources */,
				1859D49D267883590052D10A /* main_5.m in Sources */,
				18BA107C223F3656008D171F /* Protocol_Demo_Impl.m in Sources */,
				18A6888C259861AA00FF3426 /* Animal.m in Sources */,
				183E6D01258DEBB0002BC9AA /* B.m in Sources */,
				18D8E637223CBD35006E89FC /* Property_Demo.m in Sources */,
			);
			runOnlyForDeploymentPostprocessing = 0;
		};
/* End PBXSourcesBuildPhase section */

/* Begin XCBuildConfiguration section */
		18D8E628223C90EB006E89FC /* Debug */ = {
			isa = XCBuildConfiguration;
			buildSettings = {
				ALWAYS_SEARCH_USER_PATHS = NO;
				CLANG_ANALYZER_NONNULL = YES;
				CLANG_ANALYZER_NUMBER_OBJECT_CONVERSION = YES_AGGRESSIVE;
				CLANG_CXX_LANGUAGE_STANDARD = "gnu++14";
				CLANG_CXX_LIBRARY = "libc++";
				CLANG_ENABLE_MODULES = YES;
				CLANG_ENABLE_OBJC_ARC = YES;
				CLANG_ENABLE_OBJC_WEAK = YES;
				CLANG_WARN_BLOCK_CAPTURE_AUTORELEASING = YES;
				CLANG_WARN_BOOL_CONVERSION = YES;
				CLANG_WARN_COMMA = YES;
				CLANG_WARN_CONSTANT_CONVERSION = YES;
				CLANG_WARN_DEPRECATED_OBJC_IMPLEMENTATIONS = YES;
				CLANG_WARN_DIRECT_OBJC_ISA_USAGE = YES_ERROR;
				CLANG_WARN_DOCUMENTATION_COMMENTS = YES;
				CLANG_WARN_EMPTY_BODY = YES;
				CLANG_WARN_ENUM_CONVERSION = YES;
				CLANG_WARN_INFINITE_RECURSION = YES;
				CLANG_WARN_INT_CONVERSION = YES;
				CLANG_WARN_NON_LITERAL_NULL_CONVERSION = YES;
				CLANG_WARN_OBJC_IMPLICIT_RETAIN_SELF = YES;
				CLANG_WARN_OBJC_LITERAL_CONVERSION = YES;
				CLANG_WARN_OBJC_ROOT_CLASS = YES_ERROR;
				CLANG_WARN_RANGE_LOOP_ANALYSIS = YES;
				CLANG_WARN_STRICT_PROTOTYPES = YES;
				CLANG_WARN_SUSPICIOUS_MOVE = YES;
				CLANG_WARN_UNGUARDED_AVAILABILITY = YES_AGGRESSIVE;
				CLANG_WARN_UNREACHABLE_CODE = YES;
				CLANG_WARN__DUPLICATE_METHOD_MATCH = YES;
				CODE_SIGN_IDENTITY = "-";
				COPY_PHASE_STRIP = NO;
				DEBUG_INFORMATION_FORMAT = dwarf;
				ENABLE_STRICT_OBJC_MSGSEND = YES;
				ENABLE_TESTABILITY = YES;
				GCC_C_LANGUAGE_STANDARD = gnu11;
				GCC_DYNAMIC_NO_PIC = NO;
				GCC_NO_COMMON_BLOCKS = YES;
				GCC_OPTIMIZATION_LEVEL = 0;
				GCC_PREPROCESSOR_DEFINITIONS = (
					"DEBUG=1",
					"$(inherited)",
				);
				GCC_WARN_64_TO_32_BIT_CONVERSION = YES;
				GCC_WARN_ABOUT_RETURN_TYPE = YES_ERROR;
				GCC_WARN_UNDECLARED_SELECTOR = YES;
				GCC_WARN_UNINITIALIZED_AUTOS = YES_AGGRESSIVE;
				GCC_WARN_UNUSED_FUNCTION = YES;
				GCC_WARN_UNUSED_VARIABLE = YES;
				MACOSX_DEPLOYMENT_TARGET = 10.13;
				MTL_ENABLE_DEBUG_INFO = INCLUDE_SOURCE;
				MTL_FAST_MATH = YES;
				ONLY_ACTIVE_ARCH = YES;
				SDKROOT = macosx;
			};
			name = Debug;
		};
		18D8E629223C90EB006E89FC /* Release */ = {
			isa = XCBuildConfiguration;
			buildSettings = {
				ALWAYS_SEARCH_USER_PATHS = NO;
				CLANG_ANALYZER_NONNULL = YES;
				CLANG_ANALYZER_NUMBER_OBJECT_CONVERSION = YES_AGGRESSIVE;
				CLANG_CXX_LANGUAGE_STANDARD = "gnu++14";
				CLANG_CXX_LIBRARY = "libc++";
				CLANG_ENABLE_MODULES = YES;
				CLANG_ENABLE_OBJC_ARC = YES;
				CLANG_ENABLE_OBJC_WEAK = YES;
				CLANG_WARN_BLOCK_CAPTURE_AUTORELEASING = YES;
				CLANG_WARN_BOOL_CONVERSION = YES;
				CLANG_WARN_COMMA = YES;
				CLANG_WARN_CONSTANT_CONVERSION = YES;
				CLANG_WARN_DEPRECATED_OBJC_IMPLEMENTATIONS = YES;
				CLANG_WARN_DIRECT_OBJC_ISA_USAGE = YES_ERROR;
				CLANG_WARN_DOCUMENTATION_COMMENTS = YES;
				CLANG_WARN_EMPTY_BODY = YES;
				CLANG_WARN_ENUM_CONVERSION = YES;
				CLANG_WARN_INFINITE_RECURSION = YES;
				CLANG_WARN_INT_CONVERSION = YES;
				CLANG_WARN_NON_LITERAL_NULL_CONVERSION = YES;
				CLANG_WARN_OBJC_IMPLICIT_RETAIN_SELF = YES;
				CLANG_WARN_OBJC_LITERAL_CONVERSION = YES;
				CLANG_WARN_OBJC_ROOT_CLASS = YES_ERROR;
				CLANG_WARN_RANGE_LOOP_ANALYSIS = YES;
				CLANG_WARN_STRICT_PROTOTYPES = YES;
				CLANG_WARN_SUSPICIOUS_MOVE = YES;
				CLANG_WARN_UNGUARDED_AVAILABILITY = YES_AGGRESSIVE;
				CLANG_WARN_UNREACHABLE_CODE = YES;
				CLANG_WARN__DUPLICATE_METHOD_MATCH = YES;
				CODE_SIGN_IDENTITY = "-";
				COPY_PHASE_STRIP = NO;
				DEBUG_INFORMATION_FORMAT = "dwarf-with-dsym";
				ENABLE_NS_ASSERTIONS = NO;
				ENABLE_STRICT_OBJC_MSGSEND = YES;
				GCC_C_LANGUAGE_STANDARD = gnu11;
				GCC_NO_COMMON_BLOCKS = YES;
				GCC_WARN_64_TO_32_BIT_CONVERSION = YES;
				GCC_WARN_ABOUT_RETURN_TYPE = YES_ERROR;
				GCC_WARN_UNDECLARED_SELECTOR = YES;
				GCC_WARN_UNINITIALIZED_AUTOS = YES_AGGRESSIVE;
				GCC_WARN_UNUSED_FUNCTION = YES;
				GCC_WARN_UNUSED_VARIABLE = YES;
				MACOSX_DEPLOYMENT_TARGET = 10.13;
				MTL_ENABLE_DEBUG_INFO = NO;
				MTL_FAST_MATH = YES;
				SDKROOT = macosx;
			};
			name = Release;
		};
		18D8E62B223C90EB006E89FC /* Debug */ = {
			isa = XCBuildConfiguration;
			buildSettings = {
				CLANG_CXX_LANGUAGE_STANDARD = "gnu++14";
				CLANG_CXX_LIBRARY = "libc++";
				CLANG_ENABLE_MODULES = YES;
				CODE_SIGN_STYLE = Automatic;
				LD_RUNPATH_SEARCH_PATHS = (
					"$(inherited)",
					"@executable_path/../Frameworks",
					"@loader_path/../Frameworks",
				);
				PRODUCT_NAME = "$(TARGET_NAME)";
				SWIFT_OBJC_BRIDGING_HEADER = "oc_cmd/demo1/oc_cmd-Bridging-Header.h";
				SWIFT_OPTIMIZATION_LEVEL = "-Onone";
				SWIFT_VERSION = 4.2;
			};
			name = Debug;
		};
		18D8E62C223C90EB006E89FC /* Release */ = {
			isa = XCBuildConfiguration;
			buildSettings = {
				CLANG_CXX_LANGUAGE_STANDARD = "gnu++14";
				CLANG_CXX_LIBRARY = "libc++";
				CLANG_ENABLE_MODULES = YES;
				CODE_SIGN_STYLE = Automatic;
				LD_RUNPATH_SEARCH_PATHS = (
					"$(inherited)",
					"@executable_path/../Frameworks",
					"@loader_path/../Frameworks",
				);
				PRODUCT_NAME = "$(TARGET_NAME)";
				SWIFT_OBJC_BRIDGING_HEADER = "oc_cmd/demo1/oc_cmd-Bridging-Header.h";
				SWIFT_VERSION = 4.2;
			};
			name = Release;
		};
/* End XCBuildConfiguration section */

/* Begin XCConfigurationList section */
		18D8E61E223C90EB006E89FC /* Build configuration list for PBXProject "oc_cmd" */ = {
			isa = XCConfigurationList;
			buildConfigurations = (
				18D8E628223C90EB006E89FC /* Debug */,
				18D8E629223C90EB006E89FC /* Release */,
			);
			defaultConfigurationIsVisible = 0;
			defaultConfigurationName = Release;
		};
		18D8E62A223C90EB006E89FC /* Build configuration list for PBXNativeTarget "oc_cmd" */ = {
			isa = XCConfigurationList;
			buildConfigurations = (
				18D8E62B223C90EB006E89FC /* Debug */,
				18D8E62C223C90EB006E89FC /* Release */,
			);
			defaultConfigurationIsVisible = 0;
			defaultConfigurationName = Release;
		};
/* End XCConfigurationList section */
	};
	rootObject = 18D8E61B223C90EB006E89FC /* Project object */;
}
