// !$*UTF8*$!
{
	archiveVersion = 1;
	classes = {
	};
	objectVersion = 50;
	objects = {

/* Begin PBXBuildFile section */
		18D8E627223C90EB006E89FC /* main.m in Sources */ = {isa = PBXBuildFile; fileRef = 18D8E626223C90EB006E89FC /* main.m */; };
		18D8E631223C94F3006E89FC /* Student.m in Sources */ = {isa = PBXBuildFile; fileRef = 18D8E630223C94F3006E89FC /* Student.m */; };
		18D8E634223CA350006E89FC /* Person.m in Sources */ = {isa = PBXBuildFile; fileRef = 18D8E633223CA350006E89FC /* Person.m */; };
		18D8E637223CBD35006E89FC /* Property_Demo.m in Sources */ = {isa = PBXBuildFile; fileRef = 18D8E636223CBD35006E89FC /* Property_Demo.m */; };
/* End PBXBuildFile section */

/* Begin PBXCopyFilesBuildPhase section */
		18D8E621223C90EB006E89FC /* CopyFiles */ = {
			isa = PBXCopyFilesBuildPhase;
			buildActionMask = 2147483647;
			dstPath = /usr/share/man/man1/;
			dstSubfolderSpec = 0;
			files = (
			);
			runOnlyForDeploymentPostprocessing = 1;
		};
/* End PBXCopyFilesBuildPhase section */

/* Begin PBXFileReference section */
		18D8E623223C90EB006E89FC /* oc_cmd */ = {isa = PBXFileReference; explicitFileType = "compiled.mach-o.executable"; includeInIndex = 0; path = oc_cmd; sourceTree = BUILT_PRODUCTS_DIR; };
		18D8E626223C90EB006E89FC /* main.m */ = {isa = PBXFileReference; lastKnownFileType = sourcecode.c.objc; path = main.m; sourceTree = "<group>"; };
		18D8E62F223C94F3006E89FC /* Student.h */ = {isa = PBXFileReference; lastKnownFileType = sourcecode.c.h; path = Student.h; sourceTree = "<group>"; };
		18D8E630223C94F3006E89FC /* Student.m */ = {isa = PBXFileReference; lastKnownFileType = sourcecode.c.objc; path = Student.m; sourceTree = "<group>"; };
		18D8E632223CA350006E89FC /* Person.h */ = {isa = PBXFileReference; lastKnownFileType = sourcecode.c.h; path = Person.h; sourceTree = "<group>"; };
		18D8E633223CA350006E89FC /* Person.m */ = {isa = PBXFileReference; lastKnownFileType = sourcecode.c.objc; path = Person.m; sourceTree = "<group>"; };
		18D8E635223CBD35006E89FC /* Property_Demo.h */ = {isa = PBXFileReference; lastKnownFileType = sourcecode.c.h; path = Property_Demo.h; sourceTree = "<group>"; };
		18D8E636223CBD35006E89FC /* Property_Demo.m */ = {isa = PBXFileReference; lastKnownFileType = sourcecode.c.objc; path = Property_Demo.m; sourceTree = "<group>"; };
/* End PBXFileReference section */

/* Begin PBXFrameworksBuildPhase section */
		18D8E620223C90EB006E89FC /* Frameworks */ = {
			isa = PBXFrameworksBuildPhase;
			buildActionMask = 2147483647;
			files = (
			);
			runOnlyForDeploymentPostprocessing = 0;
		};
/* End PBXFrameworksBuildPhase section */

/* Begin PBXGroup section */
		18D8E61A223C90EB006E89FC = {
			isa = PBXGroup;
			children = (
				18D8E625223C90EB006E89FC /* oc_cmd */,
				18D8E624223C90EB006E89FC /* Products */,
			);
			sourceTree = "<group>";
		};
		18D8E624223C90EB006E89FC /* Products */ = {
			isa = PBXGroup;
			children = (
				18D8E623223C90EB006E89FC /* oc_cmd */,
			);
			name = Products;
			sourceTree = "<group>";
		};
		18D8E625223C90EB006E89FC /* oc_cmd */ = {
			isa = PBXGroup;
			children = (
				18D8E62E223C94AA006E89FC /* demo */,
				18D8E626223C90EB006E89FC /* main.m */,
			);
			path = oc_cmd;
			sourceTree = "<group>";
		};
		18D8E62E223C94AA006E89FC /* demo */ = {
			isa = PBXGroup;
			children = (
				18D8E62F223C94F3006E89FC /* Student.h */,
				18D8E630223C94F3006E89FC /* Student.m */,
				18D8E632223CA350006E89FC /* Person.h */,
				18D8E633223CA350006E89FC /* Person.m */,
				18D8E635223CBD35006E89FC /* Property_Demo.h */,
				18D8E636223CBD35006E89FC /* Property_Demo.m */,
			);
			path = demo;
			sourceTree = "<group>";
		};
/* End PBXGroup section */

/* Begin PBXNativeTarget section */
		18D8E622223C90EB006E89FC /* oc_cmd */ = {
			isa = PBXNativeTarget;
			buildConfigurationList = 18D8E62A223C90EB006E89FC /* Build configuration list for PBXNativeTarget "oc_cmd" */;
			buildPhases = (
				18D8E61F223C90EB006E89FC /* Sources */,
				18D8E620223C90EB006E89FC /* Frameworks */,
				18D8E621223C90EB006E89FC /* CopyFiles */,
			);
			buildRules = (
			);
			dependencies = (
			);
			name = oc_cmd;
			productName = oc_cmd;
			productReference = 18D8E623223C90EB006E89FC /* oc_cmd */;
			productType = "com.apple.product-type.tool";
		};
/* End PBXNativeTarget section */

/* Begin PBXProject section */
		18D8E61B223C90EB006E89FC /* Project object */ = {
			isa = PBXProject;
			attributes = {
				LastUpgradeCheck = 1010;
				ORGANIZATIONNAME = Apple;
				TargetAttributes = {
					18D8E622223C90EB006E89FC = {
						CreatedOnToolsVersion = 10.1;
					};
				};
			};
			buildConfigurationList = 18D8E61E223C90EB006E89FC /* Build configuration list for PBXProject "oc_cmd" */;
			compatibilityVersion = "Xcode 9.3";
			developmentRegion = en;
			hasScannedForEncodings = 0;
			knownRegions = (
				en,
			);
			mainGroup = 18D8E61A223C90EB006E89FC;
			productRefGroup = 18D8E624223C90EB006E89FC /* Products */;
			projectDirPath = "";
			projectRoot = "";
			targets = (
				18D8E622223C90EB006E89FC /* oc_cmd */,
			);
		};
/* End PBXProject section */

/* Begin PBXSourcesBuildPhase section */
		18D8E61F223C90EB006E89FC /* Sources */ = {
			isa = PBXSourcesBuildPhase;
			buildActionMask = 2147483647;
			files = (
				18D8E634223CA350006E89FC /* Person.m in Sources */,
				18D8E627223C90EB006E89FC /* main.m in Sources */,
				18D8E631223C94F3006E89FC /* Student.m in Sources */,
				18D8E637223CBD35006E89FC /* Property_Demo.m in Sources */,
			);
			runOnlyForDeploymentPostprocessing = 0;
		};
/* End PBXSourcesBuildPhase section */

/* Begin XCBuildConfiguration section */
		18D8E628223C90EB006E89FC /* Debug */ = {
			isa = XCBuildConfiguration;
			buildSettings = {
				ALWAYS_SEARCH_USER_PATHS = NO;
				CLANG_ANALYZER_NONNULL = YES;
				CLANG_ANALYZER_NUMBER_OBJECT_CONVERSION = YES_AGGRESSIVE;
				CLANG_CXX_LANGUAGE_STANDARD = "gnu++14";
				CLANG_CXX_LIBRARY = "libc++";
				CLANG_ENABLE_MODULES = YES;
				CLANG_ENABLE_OBJC_ARC = YES;
				CLANG_ENABLE_OBJC_WEAK = YES;
				CLANG_WARN_BLOCK_CAPTURE_AUTORELEASING = YES;
				CLANG_WARN_BOOL_CONVERSION = YES;
				CLANG_WARN_COMMA = YES;
				CLANG_WARN_CONSTANT_CONVERSION = YES;
				CLANG_WARN_DEPRECATED_OBJC_IMPLEMENTATIONS = YES;
				CLANG_WARN_DIRECT_OBJC_ISA_USAGE = YES_ERROR;
				CLANG_WARN_DOCUMENTATION_COMMENTS = YES;
				CLANG_WARN_EMPTY_BODY = YES;
				CLANG_WARN_ENUM_CONVERSION = YES;
				CLANG_WARN_INFINITE_RECURSION = YES;
				CLANG_WARN_INT_CONVERSION = YES;
				CLANG_WARN_NON_LITERAL_NULL_CONVERSION = YES;
				CLANG_WARN_OBJC_IMPLICIT_RETAIN_SELF = YES;
				CLANG_WARN_OBJC_LITERAL_CONVERSION = YES;
				CLANG_WARN_OBJC_ROOT_CLASS = YES_ERROR;
				CLANG_WARN_RANGE_LOOP_ANALYSIS = YES;
				CLANG_WARN_STRICT_PROTOTYPES = YES;
				CLANG_WARN_SUSPICIOUS_MOVE = YES;
				CLANG_WARN_UNGUARDED_AVAILABILITY = YES_AGGRESSIVE;
				CLANG_WARN_UNREACHABLE_CODE = YES;
				CLANG_WARN__DUPLICATE_METHOD_MATCH = YES;
				CODE_SIGN_IDENTITY = "-";
				COPY_PHASE_STRIP = NO;
				DEBUG_INFORMATION_FORMAT = dwarf;
				ENABLE_STRICT_OBJC_MSGSEND = YES;
				ENABLE_TESTABILITY = YES;
				GCC_C_LANGUAGE_STANDARD = gnu11;
				GCC_DYNAMIC_NO_PIC = NO;
				GCC_NO_COMMON_BLOCKS = YES;
				GCC_OPTIMIZATION_LEVEL = 0;
				GCC_PREPROCESSOR_DEFINITIONS = (
					"DEBUG=1",
					"$(inherited)",
				);
				GCC_WARN_64_TO_32_BIT_CONVERSION = YES;
				GCC_WARN_ABOUT_RETURN_TYPE = YES_ERROR;
				GCC_WARN_UNDECLARED_SELECTOR = YES;
				GCC_WARN_UNINITIALIZED_AUTOS = YES_AGGRESSIVE;
				GCC_WARN_UNUSED_FUNCTION = YES;
				GCC_WARN_UNUSED_VARIABLE = YES;
				MACOSX_DEPLOYMENT_TARGET = 10.13;
				MTL_ENABLE_DEBUG_INFO = INCLUDE_SOURCE;
				MTL_FAST_MATH = YES;
				ONLY_ACTIVE_ARCH = YES;
				SDKROOT = macosx;
			};
			name = Debug;
		};
		18D8E629223C90EB006E89FC /* Release */ = {
			isa = XCBuildConfiguration;
			buildSettings = {
				ALWAYS_SEARCH_USER_PATHS = NO;
				CLANG_ANALYZER_NONNULL = YES;
				CLANG_ANALYZER_NUMBER_OBJECT_CONVERSION = YES_AGGRESSIVE;
				CLANG_CXX_LANGUAGE_STANDARD = "gnu++14";
				CLANG_CXX_LIBRARY = "libc++";
				CLANG_ENABLE_MODULES = YES;
				CLANG_ENABLE_OBJC_ARC = YES;
				CLANG_ENABLE_OBJC_WEAK = YES;
				CLANG_WARN_BLOCK_CAPTURE_AUTORELEASING = YES;
				CLANG_WARN_BOOL_CONVERSION = YES;
				CLANG_WARN_COMMA = YES;
				CLANG_WARN_CONSTANT_CONVERSION = YES;
				CLANG_WARN_DEPRECATED_OBJC_IMPLEMENTATIONS = YES;
				CLANG_WARN_DIRECT_OBJC_ISA_USAGE = YES_ERROR;
				CLANG_WARN_DOCUMENTATION_COMMENTS = YES;
				CLANG_WARN_EMPTY_BODY = YES;
				CLANG_WARN_ENUM_CONVERSION = YES;
				CLANG_WARN_INFINITE_RECURSION = YES;
				CLANG_WARN_INT_CONVERSION = YES;
				CLANG_WARN_NON_LITERAL_NULL_CONVERSION = YES;
				CLANG_WARN_OBJC_IMPLICIT_RETAIN_SELF = YES;
				CLANG_WARN_OBJC_LITERAL_CONVERSION = YES;
				CLANG_WARN_OBJC_ROOT_CLASS = YES_ERROR;
				CLANG_WARN_RANGE_LOOP_ANALYSIS = YES;
				CLANG_WARN_STRICT_PROTOTYPES = YES;
				CLANG_WARN_SUSPICIOUS_MOVE = YES;
				CLANG_WARN_UNGUARDED_AVAILABILITY = YES_AGGRESSIVE;
				CLANG_WARN_UNREACHABLE_CODE = YES;
				CLANG_WARN__DUPLICATE_METHOD_MATCH = YES;
				CODE_SIGN_IDENTITY = "-";
				COPY_PHASE_STRIP = NO;
				DEBUG_INFORMATION_FORMAT = "dwarf-with-dsym";
				ENABLE_NS_ASSERTIONS = NO;
				ENABLE_STRICT_OBJC_MSGSEND = YES;
				GCC_C_LANGUAGE_STANDARD = gnu11;
				GCC_NO_COMMON_BLOCKS = YES;
				GCC_WARN_64_TO_32_BIT_CONVERSION = YES;
				GCC_WARN_ABOUT_RETURN_TYPE = YES_ERROR;
				GCC_WARN_UNDECLARED_SELECTOR = YES;
				GCC_WARN_UNINITIALIZED_AUTOS = YES_AGGRESSIVE;
				GCC_WARN_UNUSED_FUNCTION = YES;
				GCC_WARN_UNUSED_VARIABLE = YES;
				MACOSX_DEPLOYMENT_TARGET = 10.13;
				MTL_ENABLE_DEBUG_INFO = NO;
				MTL_FAST_MATH = YES;
				SDKROOT = macosx;
			};
			name = Release;
		};
		18D8E62B223C90EB006E89FC /* Debug */ = {
			isa = XCBuildConfiguration;
			buildSettings = {
				CODE_SIGN_STYLE = Automatic;
				PRODUCT_NAME = "$(TARGET_NAME)";
			};
			name = Debug;
		};
		18D8E62C223C90EB006E89FC /* Release */ = {
			isa = XCBuildConfiguration;
			buildSettings = {
				CODE_SIGN_STYLE = Automatic;
				PRODUCT_NAME = "$(TARGET_NAME)";
			};
			name = Release;
		};
/* End XCBuildConfiguration section */

/* Begin XCConfigurationList section */
		18D8E61E223C90EB006E89FC /* Build configuration list for PBXProject "oc_cmd" */ = {
			isa = XCConfigurationList;
			buildConfigurations = (
				18D8E628223C90EB006E89FC /* Debug */,
				18D8E629223C90EB006E89FC /* Release */,
			);
			defaultConfigurationIsVisible = 0;
			defaultConfigurationName = Release;
		};
		18D8E62A223C90EB006E89FC /* Build configuration list for PBXNativeTarget "oc_cmd" */ = {
			isa = XCConfigurationList;
			buildConfigurations = (
				18D8E62B223C90EB006E89FC /* Debug */,
				18D8E62C223C90EB006E89FC /* Release */,
			);
			defaultConfigurationIsVisible = 0;
			defaultConfigurationName = Release;
		};
/* End XCConfigurationList section */
	};
	rootObject = 18D8E61B223C90EB006E89FC /* Project object */;
}
